
Microsoft Visual Studio Solution File, Format Version 12.00
# Visual Studio 2012
Project("{9092AA53-FB77-4645-B42D-1CCCA6BD08BD}") = "PdfExporter", "PdfExporter.njsproj", "{31BC13CE-F747-4121-8CCA-FF303B1D151E}"
EndProject
Global
	GlobalSection(SolutionConfigurationPlatforms) = preSolution
		Debug|Any CPU = Debug|Any CPU
		Release|Any CPU = Release|Any CPU
	EndGlobalSection
	GlobalSection(ProjectConfigurationPlatforms) = postSolution
		{31BC13CE-F747-4121-8CCA-FF303B1D151E}.Debug|Any CPU.ActiveCfg = Debug|Any CPU
		{31BC13CE-F747-4121-8CCA-FF303B1D151E}.Debug|Any CPU.Build.0 = Debug|Any CPU
		{31BC13CE-F747-4121-8CCA-FF303B1D151E}.Release|Any CPU.ActiveCfg = Release|Any CPU
		{31BC13CE-F747-4121-8CCA-FF303B1D151E}.Release|Any CPU.Build.0 = Release|Any CPU
	EndGlobalSection
	GlobalSection(SolutionProperties) = preSolution
		HideSolutionNode = FALSE
	EndGlobalSection
EndGlobal
